
Microsoft Visual Studio Solution File, Format Version 12.00
# Visual Studio 15
VisualStudioVersion = 15.0.27004.2010
MinimumVisualStudioVersion = 10.0.40219.1
Project("{FAE04EC0-301F-11D3-BF4B-00C04F79EFBC}") = "HomeServices", "HomeServices\HomeServices.csproj", "{AE65E3A9-86D5-4792-8E70-317877EE54B6}"
EndProject
Project("{E53339B2-1760-4266-BCC7-CA923CBCF16C}") = "docker-compose", "docker-compose.dcproj", "{E9278D1F-0043-4CD7-92FE-4DB89013AFC4}"
EndProject
Global
	GlobalSection(SolutionConfigurationPlatforms) = preSolution
		Debug|Any CPU = Debug|Any CPU
		Release|Any CPU = Release|Any CPU
	EndGlobalSection
	GlobalSection(ProjectConfigurationPlatforms) = postSolution
		{AE65E3A9-86D5-4792-8E70-317877EE54B6}.Debug|Any CPU.ActiveCfg = Debug|Any CPU
		{AE65E3A9-86D5-4792-8E70-317877EE54B6}.Debug|Any CPU.Build.0 = Debug|Any CPU
		{AE65E3A9-86D5-4792-8E70-317877EE54B6}.Release|Any CPU.ActiveCfg = Release|Any CPU
		{AE65E3A9-86D5-4792-8E70-317877EE54B6}.Release|Any CPU.Build.0 = Release|Any CPU
		{E9278D1F-0043-4CD7-92FE-4DB89013AFC4}.Debug|Any CPU.ActiveCfg = Debug|Any CPU
		{E9278D1F-0043-4CD7-92FE-4DB89013AFC4}.Debug|Any CPU.Build.0 = Debug|Any CPU
		{E9278D1F-0043-4CD7-92FE-4DB89013AFC4}.Release|Any CPU.ActiveCfg = Release|Any CPU
		{E9278D1F-0043-4CD7-92FE-4DB89013AFC4}.Release|Any CPU.Build.0 = Release|Any CPU
	EndGlobalSection
	GlobalSection(SolutionProperties) = preSolution
		HideSolutionNode = FALSE
	EndGlobalSection
	GlobalSection(ExtensibilityGlobals) = postSolution
		SolutionGuid = {6B8A5457-0875-4DFC-B770-9535E2BC02AE}
	EndGlobalSection
EndGlobal
